
Microsoft Visual Studio Solution File, Format Version 12.00
# Visual Studio Version 17
VisualStudioVersion = 17.5.002.0
MinimumVisualStudioVersion = 10.0.40219.1
Project("{9A19103F-16F7-4668-BE54-9A1E7A4F7556}") = "mvc", "mvc.csproj", "{DBB5261E-5683-43C3-B691-FD69BAE8E3B6}"
EndProject
Global
	GlobalSection(SolutionConfigurationPlatforms) = preSolution
		Debug|Any CPU = Debug|Any CPU
		Release|Any CPU = Release|Any CPU
	EndGlobalSection
	GlobalSection(ProjectConfigurationPlatforms) = postSolution
		{DBB5261E-5683-43C3-B691-FD69BAE8E3B6}.Debug|Any CPU.ActiveCfg = Debug|Any CPU
		{DBB5261E-5683-43C3-B691-FD69BAE8E3B6}.Debug|Any CPU.Build.0 = Debug|Any CPU
		{DBB5261E-5683-43C3-B691-FD69BAE8E3B6}.Release|Any CPU.ActiveCfg = Release|Any CPU
		{DBB5261E-5683-43C3-B691-FD69BAE8E3B6}.Release|Any CPU.Build.0 = Release|Any CPU
	EndGlobalSection
	GlobalSection(SolutionProperties) = preSolution
		HideSolutionNode = FALSE
	EndGlobalSection
	GlobalSection(ExtensibilityGlobals) = postSolution
		SolutionGuid = {BFB62126-B5D6-4E5E-BA92-5EA4E82BFDEC}
	EndGlobalSection
EndGlobal
